// !$*UTF8*$!
{
	archiveVersion = 1;
	classes = {
	};
	objectVersion = 46;
	objects = {

/* Begin PBXBuildFile section */
		30C391C91ECEF6160052D25A /* main.m in Sources */ = {isa = PBXBuildFile; fileRef = 30C391C81ECEF6160052D25A /* main.m */; };
		30C391CC1ECEF6160052D25A /* AppDelegate.m in Sources */ = {isa = PBXBuildFile; fileRef = 30C391CB1ECEF6160052D25A /* AppDelegate.m */; };
		30C391CF1ECEF6160052D25A /* ViewController.m in Sources */ = {isa = PBXBuildFile; fileRef = 30C391CE1ECEF6160052D25A /* ViewController.m */; };
		30C391D21ECEF6160052D25A /* Main.storyboard in Resources */ = {isa = PBXBuildFile; fileRef = 30C391D01ECEF6160052D25A /* Main.storyboard */; };
		30C391D41ECEF6160052D25A /* Assets.xcassets in Resources */ = {isa = PBXBuildFile; fileRef = 30C391D31ECEF6160052D25A /* Assets.xcassets */; };
		30C391D71ECEF6160052D25A /* LaunchScreen.storyboard in Resources */ = {isa = PBXBuildFile; fileRef = 30C391D51ECEF6160052D25A /* LaunchScreen.storyboard */; };
		30C392051ECEF7EC0052D25A /* libProtocolBuffers.a in Frameworks */ = {isa = PBXBuildFile; fileRef = 30C391FC1ECEF7A70052D25A /* libProtocolBuffers.a */; };
		30EAB41B1ED3CC4000DC2940 /* person.proto in Resources */ = {isa = PBXBuildFile; fileRef = 30EAB4161ED3CC4000DC2940 /* person.proto */; };
		30EAB41C1ED3CC4000DC2940 /* Person.pbobjc.m in Sources */ = {isa = PBXBuildFile; fileRef = 30EAB4191ED3CC4000DC2940 /* Person.pbobjc.m */; settings = {COMPILER_FLAGS = "-fno-objc-arc"; }; };
/* End PBXBuildFile section */

/* Begin PBXContainerItemProxy section */
		30C391FB1ECEF7A70052D25A /* PBXContainerItemProxy */ = {
			isa = PBXContainerItemProxy;
			containerPortal = 30C391F31ECEF7A70052D25A /* ProtocolBuffers_iOS.xcodeproj */;
			proxyType = 2;
			remoteGlobalIDString = 7461B52E0F94FAF800A0C422;
			remoteInfo = ProtocolBuffers;
		};
		30C391FD1ECEF7A70052D25A /* PBXContainerItemProxy */ = {
			isa = PBXContainerItemProxy;
			containerPortal = 30C391F31ECEF7A70052D25A /* ProtocolBuffers_iOS.xcodeproj */;
			proxyType = 2;
			remoteGlobalIDString = 8BBEA4A6147C727100C4ADB7;
			remoteInfo = UnitTests;
		};
		30C391FF1ECEF7A70052D25A /* PBXContainerItemProxy */ = {
			isa = PBXContainerItemProxy;
			containerPortal = 30C391F31ECEF7A70052D25A /* ProtocolBuffers_iOS.xcodeproj */;
			proxyType = 2;
			remoteGlobalIDString = 8B9A5EA51831993600A9D33B;
			remoteInfo = iOSTestHarness;
		};
		30C392011ECEF7A70052D25A /* PBXContainerItemProxy */ = {
			isa = PBXContainerItemProxy;
			containerPortal = 30C391F31ECEF7A70052D25A /* ProtocolBuffers_iOS.xcodeproj */;
			proxyType = 2;
			remoteGlobalIDString = F4487C6E1A9F8F8100531423;
			remoteInfo = TestSingleSourceBuild;
		};
		30C392031ECEF7E70052D25A /* PBXContainerItemProxy */ = {
			isa = PBXContainerItemProxy;
			containerPortal = 30C391F31ECEF7A70052D25A /* ProtocolBuffers_iOS.xcodeproj */;
			proxyType = 1;
			remoteGlobalIDString = 7461B52D0F94FAF800A0C422;
			remoteInfo = ProtocolBuffers;
		};
/* End PBXContainerItemProxy section */

/* Begin PBXFileReference section */
		30C391C41ECEF6160052D25A /* prototest.app */ = {isa = PBXFileReference; explicitFileType = wrapper.application; includeInIndex = 0; path = prototest.app; sourceTree = BUILT_PRODUCTS_DIR; };
		30C391C81ECEF6160052D25A /* main.m */ = {isa = PBXFileReference; lastKnownFileType = sourcecode.c.objc; path = main.m; sourceTree = "<group>"; };
		30C391CA1ECEF6160052D25A /* AppDelegate.h */ = {isa = PBXFileReference; lastKnownFileType = sourcecode.c.h; path = AppDelegate.h; sourceTree = "<group>"; };
		30C391CB1ECEF6160052D25A /* AppDelegate.m */ = {isa = PBXFileReference; lastKnownFileType = sourcecode.c.objc; path = AppDelegate.m; sourceTree = "<group>"; };
		30C391CD1ECEF6160052D25A /* ViewController.h */ = {isa = PBXFileReference; lastKnownFileType = sourcecode.c.h; path = ViewController.h; sourceTree = "<group>"; };
		30C391CE1ECEF6160052D25A /* ViewController.m */ = {isa = PBXFileReference; lastKnownFileType = sourcecode.c.objc; path = ViewController.m; sourceTree = "<group>"; };
		30C391D11ECEF6160052D25A /* Base */ = {isa = PBXFileReference; lastKnownFileType = file.storyboard; name = Base; path = Base.lproj/Main.storyboard; sourceTree = "<group>"; };
		30C391D31ECEF6160052D25A /* Assets.xcassets */ = {isa = PBXFileReference; lastKnownFileType = folder.assetcatalog; path = Assets.xcassets; sourceTree = "<group>"; };
		30C391D61ECEF6160052D25A /* Base */ = {isa = PBXFileReference; lastKnownFileType = file.storyboard; name = Base; path = Base.lproj/LaunchScreen.storyboard; sourceTree = "<group>"; };
		30C391D81ECEF6160052D25A /* Info.plist */ = {isa = PBXFileReference; lastKnownFileType = text.plist.xml; path = Info.plist; sourceTree = "<group>"; };
		30C391F31ECEF7A70052D25A /* ProtocolBuffers_iOS.xcodeproj */ = {isa = PBXFileReference; lastKnownFileType = "wrapper.pb-project"; path = ProtocolBuffers_iOS.xcodeproj; sourceTree = "<group>"; };
		30EAB4161ED3CC4000DC2940 /* person.proto */ = {isa = PBXFileReference; fileEncoding = 4; lastKnownFileType = text; path = person.proto; sourceTree = "<group>"; };
		30EAB4181ED3CC4000DC2940 /* Person.pbobjc.h */ = {isa = PBXFileReference; fileEncoding = 4; lastKnownFileType = sourcecode.c.h; path = Person.pbobjc.h; sourceTree = "<group>"; };
		30EAB4191ED3CC4000DC2940 /* Person.pbobjc.m */ = {isa = PBXFileReference; fileEncoding = 4; lastKnownFileType = sourcecode.c.objc; path = Person.pbobjc.m; sourceTree = "<group>"; };
/* End PBXFileReference section */

/* Begin PBXFrameworksBuildPhase section */
		30C391C11ECEF6160052D25A /* Frameworks */ = {
			isa = PBXFrameworksBuildPhase;
			buildActionMask = 2147483647;
			files = (
				30C392051ECEF7EC0052D25A /* libProtocolBuffers.a in Frameworks */,
			);
			runOnlyForDeploymentPostprocessing = 0;
		};
/* End PBXFrameworksBuildPhase section */

/* Begin PBXGroup section */
		30C391BB1ECEF6160052D25A = {
			isa = PBXGroup;
			children = (
				30C391C61ECEF6160052D25A /* prototest */,
				30C391DE1ECEF62C0052D25A /* framework */,
				30C391C51ECEF6160052D25A /* Products */,
			);
			sourceTree = "<group>";
		};
		30C391C51ECEF6160052D25A /* Products */ = {
			isa = PBXGroup;
			children = (
				30C391C41ECEF6160052D25A /* prototest.app */,
			);
			name = Products;
			sourceTree = "<group>";
		};
		30C391C61ECEF6160052D25A /* prototest */ = {
			isa = PBXGroup;
			children = (
				30EAB4131ED3CC4000DC2940 /* protobuf */,
				30C391CA1ECEF6160052D25A /* AppDelegate.h */,
				30C391CB1ECEF6160052D25A /* AppDelegate.m */,
				30C391CD1ECEF6160052D25A /* ViewController.h */,
				30C391CE1ECEF6160052D25A /* ViewController.m */,
				30C391D01ECEF6160052D25A /* Main.storyboard */,
				30C391D31ECEF6160052D25A /* Assets.xcassets */,
				30C391D51ECEF6160052D25A /* LaunchScreen.storyboard */,
				30C391D81ECEF6160052D25A /* Info.plist */,
				30C391C71ECEF6160052D25A /* Supporting Files */,
			);
			path = prototest;
			sourceTree = "<group>";
		};
		30C391C71ECEF6160052D25A /* Supporting Files */ = {
			isa = PBXGroup;
			children = (
				30C391C81ECEF6160052D25A /* main.m */,
			);
			name = "Supporting Files";
			sourceTree = "<group>";
		};
		30C391DE1ECEF62C0052D25A /* framework */ = {
			isa = PBXGroup;
			children = (
				30C391F31ECEF7A70052D25A /* ProtocolBuffers_iOS.xcodeproj */,
			);
			path = framework;
			sourceTree = "<group>";
		};
		30C391F41ECEF7A70052D25A /* Products */ = {
			isa = PBXGroup;
			children = (
				30C391FC1ECEF7A70052D25A /* libProtocolBuffers.a */,
				30C391FE1ECEF7A70052D25A /* UnitTests.xctest */,
				30C392001ECEF7A70052D25A /* iOSTestHarness.app */,
				30C392021ECEF7A70052D25A /* libTestSingleSourceBuild.a */,
			);
			name = Products;
			sourceTree = "<group>";
		};
		30EAB4131ED3CC4000DC2940 /* protobuf */ = {
			isa = PBXGroup;
			children = (
				30EAB4151ED3CC4000DC2940 /* src */,
				30EAB4171ED3CC4000DC2940 /* target */,
			);
			path = protobuf;
			sourceTree = "<group>";
		};
		30EAB4151ED3CC4000DC2940 /* src */ = {
			isa = PBXGroup;
			children = (
				30EAB4161ED3CC4000DC2940 /* person.proto */,
			);
			path = src;
			sourceTree = "<group>";
		};
		30EAB4171ED3CC4000DC2940 /* target */ = {
			isa = PBXGroup;
			children = (
				30EAB4181ED3CC4000DC2940 /* Person.pbobjc.h */,
				30EAB4191ED3CC4000DC2940 /* Person.pbobjc.m */,
			);
			path = target;
			sourceTree = "<group>";
		};
/* End PBXGroup section */

/* Begin PBXNativeTarget section */
		30C391C31ECEF6160052D25A /* prototest */ = {
			isa = PBXNativeTarget;
			buildConfigurationList = 30C391DB1ECEF6160052D25A /* Build configuration list for PBXNativeTarget "prototest" */;
			buildPhases = (
				30C391C01ECEF6160052D25A /* Sources */,
				30C391C11ECEF6160052D25A /* Frameworks */,
				30C391C21ECEF6160052D25A /* Resources */,
			);
			buildRules = (
			);
			dependencies = (
				30C392041ECEF7E70052D25A /* PBXTargetDependency */,
			);
			name = prototest;
			productName = prototest;
			productReference = 30C391C41ECEF6160052D25A /* prototest.app */;
			productType = "com.apple.product-type.application";
		};
/* End PBXNativeTarget section */

/* Begin PBXProject section */
		30C391BC1ECEF6160052D25A /* Project object */ = {
			isa = PBXProject;
			attributes = {
				LastUpgradeCheck = 0830;
				ORGANIZATIONNAME = yy;
				TargetAttributes = {
					30C391C31ECEF6160052D25A = {
						CreatedOnToolsVersion = 8.3.1;
						DevelopmentTeam = PVE2WH4PE2;
						ProvisioningStyle = Automatic;
					};
				};
			};
			buildConfigurationList = 30C391BF1ECEF6160052D25A /* Build configuration list for PBXProject "prototest" */;
			compatibilityVersion = "Xcode 3.2";
			developmentRegion = English;
			hasScannedForEncodings = 0;
			knownRegions = (
				en,
				Base,
			);
			mainGroup = 30C391BB1ECEF6160052D25A;
			productRefGroup = 30C391C51ECEF6160052D25A /* Products */;
			projectDirPath = "";
			projectReferences = (
				{
					ProductGroup = 30C391F41ECEF7A70052D25A /* Products */;
					ProjectRef = 30C391F31ECEF7A70052D25A /* ProtocolBuffers_iOS.xcodeproj */;
				},
			);
			projectRoot = "";
			targets = (
				30C391C31ECEF6160052D25A /* prototest */,
			);
		};
/* End PBXProject section */

/* Begin PBXReferenceProxy section */
		30C391FC1ECEF7A70052D25A /* libProtocolBuffers.a */ = {
			isa = PBXReferenceProxy;
			fileType = archive.ar;
			path = libProtocolBuffers.a;
			remoteRef = 30C391FB1ECEF7A70052D25A /* PBXContainerItemProxy */;
			sourceTree = BUILT_PRODUCTS_DIR;
		};
		30C391FE1ECEF7A70052D25A /* UnitTests.xctest */ = {
			isa = PBXReferenceProxy;
			fileType = wrapper.cfbundle;
			path = UnitTests.xctest;
			remoteRef = 30C391FD1ECEF7A70052D25A /* PBXContainerItemProxy */;
			sourceTree = BUILT_PRODUCTS_DIR;
		};
		30C392001ECEF7A70052D25A /* iOSTestHarness.app */ = {
			isa = PBXReferenceProxy;
			fileType = wrapper.application;
			path = iOSTestHarness.app;
			remoteRef = 30C391FF1ECEF7A70052D25A /* PBXContainerItemProxy */;
			sourceTree = BUILT_PRODUCTS_DIR;
		};
		30C392021ECEF7A70052D25A /* libTestSingleSourceBuild.a */ = {
			isa = PBXReferenceProxy;
			fileType = archive.ar;
			path = libTestSingleSourceBuild.a;
			remoteRef = 30C392011ECEF7A70052D25A /* PBXContainerItemProxy */;
			sourceTree = BUILT_PRODUCTS_DIR;
		};
/* End PBXReferenceProxy section */

/* Begin PBXResourcesBuildPhase section */
		30C391C21ECEF6160052D25A /* Resources */ = {
			isa = PBXResourcesBuildPhase;
			buildActionMask = 2147483647;
			files = (
				30EAB41B1ED3CC4000DC2940 /* person.proto in Resources */,
				30C391D71ECEF6160052D25A /* LaunchScreen.storyboard in Resources */,
				30C391D41ECEF6160052D25A /* Assets.xcassets in Resources */,
				30C391D21ECEF6160052D25A /* Main.storyboard in Resources */,
			);
			runOnlyForDeploymentPostprocessing = 0;
		};
/* End PBXResourcesBuildPhase section */

/* Begin PBXSourcesBuildPhase section */
		30C391C01ECEF6160052D25A /* Sources */ = {
			isa = PBXSourcesBuildPhase;
			buildActionMask = 2147483647;
			files = (
				30C391CF1ECEF6160052D25A /* ViewController.m in Sources */,
				30C391CC1ECEF6160052D25A /* AppDelegate.m in Sources */,
				30C391C91ECEF6160052D25A /* main.m in Sources */,
				30EAB41C1ED3CC4000DC2940 /* Person.pbobjc.m in Sources */,
			);
			runOnlyForDeploymentPostprocessing = 0;
		};
/* End PBXSourcesBuildPhase section */

/* Begin PBXTargetDependency section */
		30C392041ECEF7E70052D25A /* PBXTargetDependency */ = {
			isa = PBXTargetDependency;
			name = ProtocolBuffers;
			targetProxy = 30C392031ECEF7E70052D25A /* PBXContainerItemProxy */;
		};
/* End PBXTargetDependency section */

/* Begin PBXVariantGroup section */
		30C391D01ECEF6160052D25A /* Main.storyboard */ = {
			isa = PBXVariantGroup;
			children = (
				30C391D11ECEF6160052D25A /* Base */,
			);
			name = Main.storyboard;
			sourceTree = "<group>";
		};
		30C391D51ECEF6160052D25A /* LaunchScreen.storyboard */ = {
			isa = PBXVariantGroup;
			children = (
				30C391D61ECEF6160052D25A /* Base */,
			);
			name = LaunchScreen.storyboard;
			sourceTree = "<group>";
		};
/* End PBXVariantGroup section */

/* Begin XCBuildConfiguration section */
		30C391D91ECEF6160052D25A /* Debug */ = {
			isa = XCBuildConfiguration;
			buildSettings = {
				ALWAYS_SEARCH_USER_PATHS = NO;
				CLANG_ANALYZER_NONNULL = YES;
				CLANG_ANALYZER_NUMBER_OBJECT_CONVERSION = YES_AGGRESSIVE;
				CLANG_CXX_LANGUAGE_STANDARD = "gnu++0x";
				CLANG_CXX_LIBRARY = "libc++";
				CLANG_ENABLE_MODULES = YES;
				CLANG_ENABLE_OBJC_ARC = YES;
				CLANG_WARN_BOOL_CONVERSION = YES;
				CLANG_WARN_CONSTANT_CONVERSION = YES;
				CLANG_WARN_DIRECT_OBJC_ISA_USAGE = YES_ERROR;
				CLANG_WARN_DOCUMENTATION_COMMENTS = YES;
				CLANG_WARN_EMPTY_BODY = YES;
				CLANG_WARN_ENUM_CONVERSION = YES;
				CLANG_WARN_INFINITE_RECURSION = YES;
				CLANG_WARN_INT_CONVERSION = YES;
				CLANG_WARN_OBJC_ROOT_CLASS = YES_ERROR;
				CLANG_WARN_SUSPICIOUS_MOVE = YES;
				CLANG_WARN_UNREACHABLE_CODE = YES;
				CLANG_WARN__DUPLICATE_METHOD_MATCH = YES;
				"CODE_SIGN_IDENTITY[sdk=iphoneos*]" = "iPhone Developer";
				COPY_PHASE_STRIP = NO;
				DEBUG_INFORMATION_FORMAT = dwarf;
				ENABLE_STRICT_OBJC_MSGSEND = YES;
				ENABLE_TESTABILITY = YES;
				GCC_C_LANGUAGE_STANDARD = gnu99;
				GCC_DYNAMIC_NO_PIC = NO;
				GCC_NO_COMMON_BLOCKS = YES;
				GCC_OPTIMIZATION_LEVEL = 0;
				GCC_PREPROCESSOR_DEFINITIONS = (
					"DEBUG=1",
					"$(inherited)",
				);
				GCC_WARN_64_TO_32_BIT_CONVERSION = YES;
				GCC_WARN_ABOUT_RETURN_TYPE = YES_ERROR;
				GCC_WARN_UNDECLARED_SELECTOR = YES;
				GCC_WARN_UNINITIALIZED_AUTOS = YES_AGGRESSIVE;
				GCC_WARN_UNUSED_FUNCTION = YES;
				GCC_WARN_UNUSED_VARIABLE = YES;
				IPHONEOS_DEPLOYMENT_TARGET = 10.3;
				MTL_ENABLE_DEBUG_INFO = YES;
				ONLY_ACTIVE_ARCH = YES;
				SDKROOT = iphoneos;
			};
			name = Debug;
		};
		30C391DA1ECEF6160052D25A /* Release */ = {
			isa = XCBuildConfiguration;
			buildSettings = {
				ALWAYS_SEARCH_USER_PATHS = NO;
				CLANG_ANALYZER_NONNULL = YES;
				CLANG_ANALYZER_NUMBER_OBJECT_CONVERSION = YES_AGGRESSIVE;
				CLANG_CXX_LANGUAGE_STANDARD = "gnu++0x";
				CLANG_CXX_LIBRARY = "libc++";
				CLANG_ENABLE_MODULES = YES;
				CLANG_ENABLE_OBJC_ARC = YES;
				CLANG_WARN_BOOL_CONVERSION = YES;
				CLANG_WARN_CONSTANT_CONVERSION = YES;
				CLANG_WARN_DIRECT_OBJC_ISA_USAGE = YES_ERROR;
				CLANG_WARN_DOCUMENTATION_COMMENTS = YES;
				CLANG_WARN_EMPTY_BODY = YES;
				CLANG_WARN_ENUM_CONVERSION = YES;
				CLANG_WARN_INFINITE_RECURSION = YES;
				CLANG_WARN_INT_CONVERSION = YES;
				CLANG_WARN_OBJC_ROOT_CLASS = YES_ERROR;
				CLANG_WARN_SUSPICIOUS_MOVE = YES;
				CLANG_WARN_UNREACHABLE_CODE = YES;
				CLANG_WARN__DUPLICATE_METHOD_MATCH = YES;
				"CODE_SIGN_IDENTITY[sdk=iphoneos*]" = "iPhone Developer";
				COPY_PHASE_STRIP = NO;
				DEBUG_INFORMATION_FORMAT = "dwarf-with-dsym";
				ENABLE_NS_ASSERTIONS = NO;
				ENABLE_STRICT_OBJC_MSGSEND = YES;
				GCC_C_LANGUAGE_STANDARD = gnu99;
				GCC_NO_COMMON_BLOCKS = YES;
				GCC_WARN_64_TO_32_BIT_CONVERSION = YES;
				GCC_WARN_ABOUT_RETURN_TYPE = YES_ERROR;
				GCC_WARN_UNDECLARED_SELECTOR = YES;
				GCC_WARN_UNINITIALIZED_AUTOS = YES_AGGRESSIVE;
				GCC_WARN_UNUSED_FUNCTION = YES;
				GCC_WARN_UNUSED_VARIABLE = YES;
				IPHONEOS_DEPLOYMENT_TARGET = 10.3;
				MTL_ENABLE_DEBUG_INFO = NO;
				SDKROOT = iphoneos;
				VALIDATE_PRODUCT = YES;
			};
			name = Release;
		};
		30C391DC1ECEF6160052D25A /* Debug */ = {
			isa = XCBuildConfiguration;
			buildSettings = {
				ASSETCATALOG_COMPILER_APPICON_NAME = AppIcon;
				DEVELOPMENT_TEAM = PVE2WH4PE2;
				HEADER_SEARCH_PATHS = "\"$SRCROOT/framework\"";
				INFOPLIST_FILE = prototest/Info.plist;
				LD_RUNPATH_SEARCH_PATHS = "$(inherited) @executable_path/Frameworks";
				PRODUCT_BUNDLE_IDENTIFIER = com.yy.prototest;
				PRODUCT_NAME = "$(TARGET_NAME)";
			};
			name = Debug;
		};
		30C391DD1ECEF6160052D25A /* Release */ = {
			isa = XCBuildConfiguration;
			buildSettings = {
				ASSETCATALOG_COMPILER_APPICON_NAME = AppIcon;
				DEVELOPMENT_TEAM = PVE2WH4PE2;
				HEADER_SEARCH_PATHS = "\"$SRCROOT/framework\"";
				INFOPLIST_FILE = prototest/Info.plist;
				LD_RUNPATH_SEARCH_PATHS = "$(inherited) @executable_path/Frameworks";
				PRODUCT_BUNDLE_IDENTIFIER = com.yy.prototest;
				PRODUCT_NAME = "$(TARGET_NAME)";
			};
			name = Release;
		};
/* End XCBuildConfiguration section */

/* Begin XCConfigurationList section */
		30C391BF1ECEF6160052D25A /* Build configuration list for PBXProject "prototest" */ = {
			isa = XCConfigurationList;
			buildConfigurations = (
				30C391D91ECEF6160052D25A /* Debug */,
				30C391DA1ECEF6160052D25A /* Release */,
			);
			defaultConfigurationIsVisible = 0;
			defaultConfigurationName = Release;
		};
		30C391DB1ECEF6160052D25A /* Build configuration list for PBXNativeTarget "prototest" */ = {
			isa = XCConfigurationList;
			buildConfigurations = (
				30C391DC1ECEF6160052D25A /* Debug */,
				30C391DD1ECEF6160052D25A /* Release */,
			);
			defaultConfigurationIsVisible = 0;
			defaultConfigurationName = Release;
		};
/* End XCConfigurationList section */
	};
	rootObject = 30C391BC1ECEF6160052D25A /* Project object */;
}
